// !$*UTF8*$!
{
	archiveVersion = 1;
	classes = {
	};
	objectVersion = 46;
	objects = {

/* Begin PBXBuildFile section */
		120DC1F7199317BA009F5080 /* AFHTTPRequestOperation.m in Sources */ = {isa = PBXBuildFile; fileRef = 120DC1D3199317BA009F5080 /* AFHTTPRequestOperation.m */; };
		120DC1F8199317BA009F5080 /* AFHTTPRequestOperationManager.m in Sources */ = {isa = PBXBuildFile; fileRef = 120DC1D5199317BA009F5080 /* AFHTTPRequestOperationManager.m */; };
		120DC1F9199317BA009F5080 /* AFHTTPSessionManager.m in Sources */ = {isa = PBXBuildFile; fileRef = 120DC1D7199317BA009F5080 /* AFHTTPSessionManager.m */; };
		120DC1FA199317BA009F5080 /* AFNetworkReachabilityManager.m in Sources */ = {isa = PBXBuildFile; fileRef = 120DC1DA199317BA009F5080 /* AFNetworkReachabilityManager.m */; };
		120DC1FB199317BA009F5080 /* AFSecurityPolicy.m in Sources */ = {isa = PBXBuildFile; fileRef = 120DC1DC199317BA009F5080 /* AFSecurityPolicy.m */; };
		120DC1FC199317BA009F5080 /* AFURLConnectionOperation.m in Sources */ = {isa = PBXBuildFile; fileRef = 120DC1DE199317BA009F5080 /* AFURLConnectionOperation.m */; };
		120DC1FD199317BA009F5080 /* AFURLRequestSerialization.m in Sources */ = {isa = PBXBuildFile; fileRef = 120DC1E0199317BA009F5080 /* AFURLRequestSerialization.m */; };
		120DC1FE199317BA009F5080 /* AFURLResponseSerialization.m in Sources */ = {isa = PBXBuildFile; fileRef = 120DC1E2199317BA009F5080 /* AFURLResponseSerialization.m */; };
		120DC1FF199317BA009F5080 /* AFURLSessionManager.m in Sources */ = {isa = PBXBuildFile; fileRef = 120DC1E4199317BA009F5080 /* AFURLSessionManager.m */; };
		120DC200199317BA009F5080 /* AFNetworkActivityIndicatorManager.m in Sources */ = {isa = PBXBuildFile; fileRef = 120DC1E7199317BA009F5080 /* AFNetworkActivityIndicatorManager.m */; };
		120DC201199317BA009F5080 /* UIActivityIndicatorView+AFNetworking.m in Sources */ = {isa = PBXBuildFile; fileRef = 120DC1E9199317BA009F5080 /* UIActivityIndicatorView+AFNetworking.m */; };
		120DC202199317BA009F5080 /* UIAlertView+AFNetworking.m in Sources */ = {isa = PBXBuildFile; fileRef = 120DC1EB199317BA009F5080 /* UIAlertView+AFNetworking.m */; };
		120DC203199317BA009F5080 /* UIButton+AFNetworking.m in Sources */ = {isa = PBXBuildFile; fileRef = 120DC1ED199317BA009F5080 /* UIButton+AFNetworking.m */; };
		120DC204199317BA009F5080 /* UIImageView+AFNetworking.m in Sources */ = {isa = PBXBuildFile; fileRef = 120DC1EF199317BA009F5080 /* UIImageView+AFNetworking.m */; };
		120DC205199317BA009F5080 /* UIProgressView+AFNetworking.m in Sources */ = {isa = PBXBuildFile; fileRef = 120DC1F2199317BA009F5080 /* UIProgressView+AFNetworking.m */; };
		120DC206199317BA009F5080 /* UIRefreshControl+AFNetworking.m in Sources */ = {isa = PBXBuildFile; fileRef = 120DC1F4199317BA009F5080 /* UIRefreshControl+AFNetworking.m */; };
		120DC207199317BA009F5080 /* UIWebView+AFNetworking.m in Sources */ = {isa = PBXBuildFile; fileRef = 120DC1F6199317BA009F5080 /* UIWebView+AFNetworking.m */; };
		12948B35199215C60064261B /* DrawerView.m in Sources */ = {isa = PBXBuildFile; fileRef = 12948B34199215C60064261B /* DrawerView.m */; };
		12B9C4571990C1350095BCC6 /* Foundation.framework in Frameworks */ = {isa = PBXBuildFile; fileRef = 12B9C4561990C1350095BCC6 /* Foundation.framework */; };
		12B9C4591990C1350095BCC6 /* CoreGraphics.framework in Frameworks */ = {isa = PBXBuildFile; fileRef = 12B9C4581990C1350095BCC6 /* CoreGraphics.framework */; };
		12B9C45B1990C1350095BCC6 /* UIKit.framework in Frameworks */ = {isa = PBXBuildFile; fileRef = 12B9C45A1990C1350095BCC6 /* UIKit.framework */; };
		12B9C4611990C1350095BCC6 /* InfoPlist.strings in Resources */ = {isa = PBXBuildFile; fileRef = 12B9C45F1990C1350095BCC6 /* InfoPlist.strings */; };
		12B9C4631990C1350095BCC6 /* main.m in Sources */ = {isa = PBXBuildFile; fileRef = 12B9C4621990C1350095BCC6 /* main.m */; };
		12B9C4671990C1350095BCC6 /* AppDelegate.m in Sources */ = {isa = PBXBuildFile; fileRef = 12B9C4661990C1350095BCC6 /* AppDelegate.m */; };
		12B9C46A1990C1350095BCC6 /* Main_iPhone.storyboard in Resources */ = {isa = PBXBuildFile; fileRef = 12B9C4681990C1350095BCC6 /* Main_iPhone.storyboard */; };
		12B9C46D1990C1350095BCC6 /* Main_iPad.storyboard in Resources */ = {isa = PBXBuildFile; fileRef = 12B9C46B1990C1350095BCC6 /* Main_iPad.storyboard */; };
		12B9C4701990C1350095BCC6 /* ViewController.m in Sources */ = {isa = PBXBuildFile; fileRef = 12B9C46F1990C1350095BCC6 /* ViewController.m */; };
		12B9C4721990C1350095BCC6 /* Images.xcassets in Resources */ = {isa = PBXBuildFile; fileRef = 12B9C4711990C1350095BCC6 /* Images.xcassets */; };
		12B9C4791990C1360095BCC6 /* XCTest.framework in Frameworks */ = {isa = PBXBuildFile; fileRef = 12B9C4781990C1360095BCC6 /* XCTest.framework */; };
		12B9C47A1990C1360095BCC6 /* Foundation.framework in Frameworks */ = {isa = PBXBuildFile; fileRef = 12B9C4561990C1350095BCC6 /* Foundation.framework */; };
		12B9C47B1990C1360095BCC6 /* UIKit.framework in Frameworks */ = {isa = PBXBuildFile; fileRef = 12B9C45A1990C1350095BCC6 /* UIKit.framework */; };
		12B9C4831990C1360095BCC6 /* InfoPlist.strings in Resources */ = {isa = PBXBuildFile; fileRef = 12B9C4811990C1360095BCC6 /* InfoPlist.strings */; };
		12B9C4851990C1360095BCC6 /* MapStudyTests.m in Sources */ = {isa = PBXBuildFile; fileRef = 12B9C4841990C1360095BCC6 /* MapStudyTests.m */; };
		12B9C48F1990C22F0095BCC6 /* MAMapKit.framework in Frameworks */ = {isa = PBXBuildFile; fileRef = 12B9C48E1990C22F0095BCC6 /* MAMapKit.framework */; };
		12B9C4911990C2380095BCC6 /* AMapSearchKit.framework in Frameworks */ = {isa = PBXBuildFile; fileRef = 12B9C4901990C2380095BCC6 /* AMapSearchKit.framework */; };
		12B9C4931990C24E0095BCC6 /* QuartzCore.framework in Frameworks */ = {isa = PBXBuildFile; fileRef = 12B9C4921990C24E0095BCC6 /* QuartzCore.framework */; };
		12B9C4951990C2570095BCC6 /* CoreLocation.framework in Frameworks */ = {isa = PBXBuildFile; fileRef = 12B9C4941990C2570095BCC6 /* CoreLocation.framework */; };
		12B9C4971990C2630095BCC6 /* SystemConfiguration.framework in Frameworks */ = {isa = PBXBuildFile; fileRef = 12B9C4961990C2630095BCC6 /* SystemConfiguration.framework */; };
		12B9C4991990C26A0095BCC6 /* CoreTelephony.framework in Frameworks */ = {isa = PBXBuildFile; fileRef = 12B9C4981990C26A0095BCC6 /* CoreTelephony.framework */; };
		12B9C49B1990C2700095BCC6 /* libz.dylib in Frameworks */ = {isa = PBXBuildFile; fileRef = 12B9C49A1990C2700095BCC6 /* libz.dylib */; };
		12B9C49D1990C2770095BCC6 /* OpenGLES.framework in Frameworks */ = {isa = PBXBuildFile; fileRef = 12B9C49C1990C2770095BCC6 /* OpenGLES.framework */; };
		12B9C49F1990C2860095BCC6 /* libstdc++.6.0.9.dylib in Frameworks */ = {isa = PBXBuildFile; fileRef = 12B9C49E1990C2860095BCC6 /* libstdc++.6.0.9.dylib */; };
		12B9C4A11990C2910095BCC6 /* Security.framework in Frameworks */ = {isa = PBXBuildFile; fileRef = 12B9C4A01990C2910095BCC6 /* Security.framework */; };
		12B9C4A31990C9140095BCC6 /* AMap.bundle in Resources */ = {isa = PBXBuildFile; fileRef = 12B9C4A21990C9140095BCC6 /* AMap.bundle */; };
/* End PBXBuildFile section */

/* Begin PBXContainerItemProxy section */
		12B9C47C1990C1360095BCC6 /* PBXContainerItemProxy */ = {
			isa = PBXContainerItemProxy;
			containerPortal = 12B9C44B1990C1350095BCC6 /* Project object */;
			proxyType = 1;
			remoteGlobalIDString = 12B9C4521990C1350095BCC6;
			remoteInfo = MapStudy;
		};
/* End PBXContainerItemProxy section */

/* Begin PBXFileReference section */
		120DC1D2199317BA009F5080 /* AFHTTPRequestOperation.h */ = {isa = PBXFileReference; fileEncoding = 4; lastKnownFileType = sourcecode.c.h; path = AFHTTPRequestOperation.h; sourceTree = "<group>"; };
		120DC1D3199317BA009F5080 /* AFHTTPRequestOperation.m */ = {isa = PBXFileReference; fileEncoding = 4; lastKnownFileType = sourcecode.c.objc; path = AFHTTPRequestOperation.m; sourceTree = "<group>"; };
		120DC1D4199317BA009F5080 /* AFHTTPRequestOperationManager.h */ = {isa = PBXFileReference; fileEncoding = 4; lastKnownFileType = sourcecode.c.h; path = AFHTTPRequestOperationManager.h; sourceTree = "<group>"; };
		120DC1D5199317BA009F5080 /* AFHTTPRequestOperationManager.m */ = {isa = PBXFileReference; fileEncoding = 4; lastKnownFileType = sourcecode.c.objc; path = AFHTTPRequestOperationManager.m; sourceTree = "<group>"; };
		120DC1D6199317BA009F5080 /* AFHTTPSessionManager.h */ = {isa = PBXFileReference; fileEncoding = 4; lastKnownFileType = sourcecode.c.h; path = AFHTTPSessionManager.h; sourceTree = "<group>"; };
		120DC1D7199317BA009F5080 /* AFHTTPSessionManager.m */ = {isa = PBXFileReference; fileEncoding = 4; lastKnownFileType = sourcecode.c.objc; path = AFHTTPSessionManager.m; sourceTree = "<group>"; };
		120DC1D8199317BA009F5080 /* AFNetworking.h */ = {isa = PBXFileReference; fileEncoding = 4; lastKnownFileType = sourcecode.c.h; path = AFNetworking.h; sourceTree = "<group>"; };
		120DC1D9199317BA009F5080 /* AFNetworkReachabilityManager.h */ = {isa = PBXFileReference; fileEncoding = 4; lastKnownFileType = sourcecode.c.h; path = AFNetworkReachabilityManager.h; sourceTree = "<group>"; };
		120DC1DA199317BA009F5080 /* AFNetworkReachabilityManager.m */ = {isa = PBXFileReference; fileEncoding = 4; lastKnownFileType = sourcecode.c.objc; path = AFNetworkReachabilityManager.m; sourceTree = "<group>"; };
		120DC1DB199317BA009F5080 /* AFSecurityPolicy.h */ = {isa = PBXFileReference; fileEncoding = 4; lastKnownFileType = sourcecode.c.h; path = AFSecurityPolicy.h; sourceTree = "<group>"; };
		120DC1DC199317BA009F5080 /* AFSecurityPolicy.m */ = {isa = PBXFileReference; fileEncoding = 4; lastKnownFileType = sourcecode.c.objc; path = AFSecurityPolicy.m; sourceTree = "<group>"; };
		120DC1DD199317BA009F5080 /* AFURLConnectionOperation.h */ = {isa = PBXFileReference; fileEncoding = 4; lastKnownFileType = sourcecode.c.h; path = AFURLConnectionOperation.h; sourceTree = "<group>"; };
		120DC1DE199317BA009F5080 /* AFURLConnectionOperation.m */ = {isa = PBXFileReference; fileEncoding = 4; lastKnownFileType = sourcecode.c.objc; path = AFURLConnectionOperation.m; sourceTree = "<group>"; };
		120DC1DF199317BA009F5080 /* AFURLRequestSerialization.h */ = {isa = PBXFileReference; fileEncoding = 4; lastKnownFileType = sourcecode.c.h; path = AFURLRequestSerialization.h; sourceTree = "<group>"; };
		120DC1E0199317BA009F5080 /* AFURLRequestSerialization.m */ = {isa = PBXFileReference; fileEncoding = 4; lastKnownFileType = sourcecode.c.objc; path = AFURLRequestSerialization.m; sourceTree = "<group>"; };
		120DC1E1199317BA009F5080 /* AFURLResponseSerialization.h */ = {isa = PBXFileReference; fileEncoding = 4; lastKnownFileType = sourcecode.c.h; path = AFURLResponseSerialization.h; sourceTree = "<group>"; };
		120DC1E2199317BA009F5080 /* AFURLResponseSerialization.m */ = {isa = PBXFileReference; fileEncoding = 4; lastKnownFileType = sourcecode.c.objc; path = AFURLResponseSerialization.m; sourceTree = "<group>"; };
		120DC1E3199317BA009F5080 /* AFURLSessionManager.h */ = {isa = PBXFileReference; fileEncoding = 4; lastKnownFileType = sourcecode.c.h; path = AFURLSessionManager.h; sourceTree = "<group>"; };
		120DC1E4199317BA009F5080 /* AFURLSessionManager.m */ = {isa = PBXFileReference; fileEncoding = 4; lastKnownFileType = sourcecode.c.objc; path = AFURLSessionManager.m; sourceTree = "<group>"; };
		120DC1E6199317BA009F5080 /* AFNetworkActivityIndicatorManager.h */ = {isa = PBXFileReference; fileEncoding = 4; lastKnownFileType = sourcecode.c.h; path = AFNetworkActivityIndicatorManager.h; sourceTree = "<group>"; };
		120DC1E7199317BA009F5080 /* AFNetworkActivityIndicatorManager.m */ = {isa = PBXFileReference; fileEncoding = 4; lastKnownFileType = sourcecode.c.objc; path = AFNetworkActivityIndicatorManager.m; sourceTree = "<group>"; };
		120DC1E8199317BA009F5080 /* UIActivityIndicatorView+AFNetworking.h */ = {isa = PBXFileReference; fileEncoding = 4; lastKnownFileType = sourcecode.c.h; path = "UIActivityIndicatorView+AFNetworking.h"; sourceTree = "<group>"; };
		120DC1E9199317BA009F5080 /* UIActivityIndicatorView+AFNetworking.m */ = {isa = PBXFileReference; fileEncoding = 4; lastKnownFileType = sourcecode.c.objc; path = "UIActivityIndicatorView+AFNetworking.m"; sourceTree = "<group>"; };
		120DC1EA199317BA009F5080 /* UIAlertView+AFNetworking.h */ = {isa = PBXFileReference; fileEncoding = 4; lastKnownFileType = sourcecode.c.h; path = "UIAlertView+AFNetworking.h"; sourceTree = "<group>"; };
		120DC1EB199317BA009F5080 /* UIAlertView+AFNetworking.m */ = {isa = PBXFileReference; fileEncoding = 4; lastKnownFileType = sourcecode.c.objc; path = "UIAlertView+AFNetworking.m"; sourceTree = "<group>"; };
		120DC1EC199317BA009F5080 /* UIButton+AFNetworking.h */ = {isa = PBXFileReference; fileEncoding = 4; lastKnownFileType = sourcecode.c.h; path = "UIButton+AFNetworking.h"; sourceTree = "<group>"; };
		120DC1ED199317BA009F5080 /* UIButton+AFNetworking.m */ = {isa = PBXFileReference; fileEncoding = 4; lastKnownFileType = sourcecode.c.objc; path = "UIButton+AFNetworking.m"; sourceTree = "<group>"; };
		120DC1EE199317BA009F5080 /* UIImageView+AFNetworking.h */ = {isa = PBXFileReference; fileEncoding = 4; lastKnownFileType = sourcecode.c.h; path = "UIImageView+AFNetworking.h"; sourceTree = "<group>"; };
		120DC1EF199317BA009F5080 /* UIImageView+AFNetworking.m */ = {isa = PBXFileReference; fileEncoding = 4; lastKnownFileType = sourcecode.c.objc; path = "UIImageView+AFNetworking.m"; sourceTree = "<group>"; };
		120DC1F0199317BA009F5080 /* UIKit+AFNetworking.h */ = {isa = PBXFileReference; fileEncoding = 4; lastKnownFileType = sourcecode.c.h; path = "UIKit+AFNetworking.h"; sourceTree = "<group>"; };
		120DC1F1199317BA009F5080 /* UIProgressView+AFNetworking.h */ = {isa = PBXFileReference; fileEncoding = 4; lastKnownFileType = sourcecode.c.h; path = "UIProgressView+AFNetworking.h"; sourceTree = "<group>"; };
		120DC1F2199317BA009F5080 /* UIProgressView+AFNetworking.m */ = {isa = PBXFileReference; fileEncoding = 4; lastKnownFileType = sourcecode.c.objc; path = "UIProgressView+AFNetworking.m"; sourceTree = "<group>"; };
		120DC1F3199317BA009F5080 /* UIRefreshControl+AFNetworking.h */ = {isa = PBXFileReference; fileEncoding = 4; lastKnownFileType = sourcecode.c.h; path = "UIRefreshControl+AFNetworking.h"; sourceTree = "<group>"; };
		120DC1F4199317BA009F5080 /* UIRefreshControl+AFNetworking.m */ = {isa = PBXFileReference; fileEncoding = 4; lastKnownFileType = sourcecode.c.objc; path = "UIRefreshControl+AFNetworking.m"; sourceTree = "<group>"; };
		120DC1F5199317BA009F5080 /* UIWebView+AFNetworking.h */ = {isa = PBXFileReference; fileEncoding = 4; lastKnownFileType = sourcecode.c.h; path = "UIWebView+AFNetworking.h"; sourceTree = "<group>"; };
		120DC1F6199317BA009F5080 /* UIWebView+AFNetworking.m */ = {isa = PBXFileReference; fileEncoding = 4; lastKnownFileType = sourcecode.c.objc; path = "UIWebView+AFNetworking.m"; sourceTree = "<group>"; };
		12948B33199215C60064261B /* DrawerView.h */ = {isa = PBXFileReference; fileEncoding = 4; lastKnownFileType = sourcecode.c.h; path = DrawerView.h; sourceTree = "<group>"; };
		12948B34199215C60064261B /* DrawerView.m */ = {isa = PBXFileReference; fileEncoding = 4; lastKnownFileType = sourcecode.c.objc; path = DrawerView.m; sourceTree = "<group>"; };
		12B9C4531990C1350095BCC6 /* MapStudy.app */ = {isa = PBXFileReference; explicitFileType = wrapper.application; includeInIndex = 0; path = MapStudy.app; sourceTree = BUILT_PRODUCTS_DIR; };
		12B9C4561990C1350095BCC6 /* Foundation.framework */ = {isa = PBXFileReference; lastKnownFileType = wrapper.framework; name = Foundation.framework; path = System/Library/Frameworks/Foundation.framework; sourceTree = SDKROOT; };
		12B9C4581990C1350095BCC6 /* CoreGraphics.framework */ = {isa = PBXFileReference; lastKnownFileType = wrapper.framework; name = CoreGraphics.framework; path = System/Library/Frameworks/CoreGraphics.framework; sourceTree = SDKROOT; };
		12B9C45A1990C1350095BCC6 /* UIKit.framework */ = {isa = PBXFileReference; lastKnownFileType = wrapper.framework; name = UIKit.framework; path = System/Library/Frameworks/UIKit.framework; sourceTree = SDKROOT; };
		12B9C45E1990C1350095BCC6 /* MapStudy-Info.plist */ = {isa = PBXFileReference; lastKnownFileType = text.plist.xml; path = "MapStudy-Info.plist"; sourceTree = "<group>"; };
		12B9C4601990C1350095BCC6 /* en */ = {isa = PBXFileReference; lastKnownFileType = text.plist.strings; name = en; path = en.lproj/InfoPlist.strings; sourceTree = "<group>"; };
		12B9C4621990C1350095BCC6 /* main.m */ = {isa = PBXFileReference; lastKnownFileType = sourcecode.c.objc; path = main.m; sourceTree = "<group>"; };
		12B9C4641990C1350095BCC6 /* MapStudy-Prefix.pch */ = {isa = PBXFileReference; lastKnownFileType = sourcecode.c.h; path = "MapStudy-Prefix.pch"; sourceTree = "<group>"; };
		12B9C4651990C1350095BCC6 /* AppDelegate.h */ = {isa = PBXFileReference; lastKnownFileType = sourcecode.c.h; path = AppDelegate.h; sourceTree = "<group>"; };
		12B9C4661990C1350095BCC6 /* AppDelegate.m */ = {isa = PBXFileReference; lastKnownFileType = sourcecode.c.objc; path = AppDelegate.m; sourceTree = "<group>"; };
		12B9C4691990C1350095BCC6 /* Base */ = {isa = PBXFileReference; lastKnownFileType = file.storyboard; name = Base; path = Base.lproj/Main_iPhone.storyboard; sourceTree = "<group>"; };
		12B9C46C1990C1350095BCC6 /* Base */ = {isa = PBXFileReference; lastKnownFileType = file.storyboard; name = Base; path = Base.lproj/Main_iPad.storyboard; sourceTree = "<group>"; };
		12B9C46E1990C1350095BCC6 /* ViewController.h */ = {isa = PBXFileReference; lastKnownFileType = sourcecode.c.h; path = ViewController.h; sourceTree = "<group>"; };
		12B9C46F1990C1350095BCC6 /* ViewController.m */ = {isa = PBXFileReference; lastKnownFileType = sourcecode.c.objc; path = ViewController.m; sourceTree = "<group>"; };
		12B9C4711990C1350095BCC6 /* Images.xcassets */ = {isa = PBXFileReference; lastKnownFileType = folder.assetcatalog; path = Images.xcassets; sourceTree = "<group>"; };
		12B9C4771990C1360095BCC6 /* MapStudyTests.xctest */ = {isa = PBXFileReference; explicitFileType = wrapper.cfbundle; includeInIndex = 0; path = MapStudyTests.xctest; sourceTree = BUILT_PRODUCTS_DIR; };
		12B9C4781990C1360095BCC6 /* XCTest.framework */ = {isa = PBXFileReference; lastKnownFileType = wrapper.framework; name = XCTest.framework; path = Library/Frameworks/XCTest.framework; sourceTree = DEVELOPER_DIR; };
		12B9C4801990C1360095BCC6 /* MapStudyTests-Info.plist */ = {isa = PBXFileReference; lastKnownFileType = text.plist.xml; path = "MapStudyTests-Info.plist"; sourceTree = "<group>"; };
		12B9C4821990C1360095BCC6 /* en */ = {isa = PBXFileReference; lastKnownFileType = text.plist.strings; name = en; path = en.lproj/InfoPlist.strings; sourceTree = "<group>"; };
		12B9C4841990C1360095BCC6 /* MapStudyTests.m */ = {isa = PBXFileReference; lastKnownFileType = sourcecode.c.objc; path = MapStudyTests.m; sourceTree = "<group>"; };
		12B9C48E1990C22F0095BCC6 /* MAMapKit.framework */ = {isa = PBXFileReference; lastKnownFileType = wrapper.framework; name = MAMapKit.framework; path = ../AMap_iOS_API_Lib_V2.2.1/2D/MAMapKit.framework; sourceTree = "<group>"; };
		12B9C4901990C2380095BCC6 /* AMapSearchKit.framework */ = {isa = PBXFileReference; lastKnownFileType = wrapper.framework; name = AMapSearchKit.framework; path = ../AMap_iOS_API_Lib_V2.2.1/Search/AMapSearchKit.framework; sourceTree = "<group>"; };
		12B9C4921990C24E0095BCC6 /* QuartzCore.framework */ = {isa = PBXFileReference; lastKnownFileType = wrapper.framework; name = QuartzCore.framework; path = System/Library/Frameworks/QuartzCore.framework; sourceTree = SDKROOT; };
		12B9C4941990C2570095BCC6 /* CoreLocation.framework */ = {isa = PBXFileReference; lastKnownFileType = wrapper.framework; name = CoreLocation.framework; path = System/Library/Frameworks/CoreLocation.framework; sourceTree = SDKROOT; };
		12B9C4961990C2630095BCC6 /* SystemConfiguration.framework */ = {isa = PBXFileReference; lastKnownFileType = wrapper.framework; name = SystemConfiguration.framework; path = System/Library/Frameworks/SystemConfiguration.framework; sourceTree = SDKROOT; };
		12B9C4981990C26A0095BCC6 /* CoreTelephony.framework */ = {isa = PBXFileReference; lastKnownFileType = wrapper.framework; name = CoreTelephony.framework; path = System/Library/Frameworks/CoreTelephony.framework; sourceTree = SDKROOT; };
		12B9C49A1990C2700095BCC6 /* libz.dylib */ = {isa = PBXFileReference; lastKnownFileType = "compiled.mach-o.dylib"; name = libz.dylib; path = usr/lib/libz.dylib; sourceTree = SDKROOT; };
		12B9C49C1990C2770095BCC6 /* OpenGLES.framework */ = {isa = PBXFileReference; lastKnownFileType = wrapper.framework; name = OpenGLES.framework; path = System/Library/Frameworks/OpenGLES.framework; sourceTree = SDKROOT; };
		12B9C49E1990C2860095BCC6 /* libstdc++.6.0.9.dylib */ = {isa = PBXFileReference; lastKnownFileType = "compiled.mach-o.dylib"; name = "libstdc++.6.0.9.dylib"; path = "usr/lib/libstdc++.6.0.9.dylib"; sourceTree = SDKROOT; };
		12B9C4A01990C2910095BCC6 /* Security.framework */ = {isa = PBXFileReference; lastKnownFileType = wrapper.framework; name = Security.framework; path = System/Library/Frameworks/Security.framework; sourceTree = SDKROOT; };
		12B9C4A21990C9140095BCC6 /* AMap.bundle */ = {isa = PBXFileReference; lastKnownFileType = "wrapper.plug-in"; path = AMap.bundle; sourceTree = "<group>"; };
/* End PBXFileReference section */

/* Begin PBXFrameworksBuildPhase section */
		12B9C4501990C1350095BCC6 /* Frameworks */ = {
			isa = PBXFrameworksBuildPhase;
			buildActionMask = 2147483647;
			files = (
				12B9C4A11990C2910095BCC6 /* Security.framework in Frameworks */,
				12B9C49F1990C2860095BCC6 /* libstdc++.6.0.9.dylib in Frameworks */,
				12B9C49D1990C2770095BCC6 /* OpenGLES.framework in Frameworks */,
				12B9C49B1990C2700095BCC6 /* libz.dylib in Frameworks */,
				12B9C4991990C26A0095BCC6 /* CoreTelephony.framework in Frameworks */,
				12B9C4971990C2630095BCC6 /* SystemConfiguration.framework in Frameworks */,
				12B9C4951990C2570095BCC6 /* CoreLocation.framework in Frameworks */,
				12B9C4931990C24E0095BCC6 /* QuartzCore.framework in Frameworks */,
				12B9C4911990C2380095BCC6 /* AMapSearchKit.framework in Frameworks */,
				12B9C48F1990C22F0095BCC6 /* MAMapKit.framework in Frameworks */,
				12B9C4591990C1350095BCC6 /* CoreGraphics.framework in Frameworks */,
				12B9C45B1990C1350095BCC6 /* UIKit.framework in Frameworks */,
				12B9C4571990C1350095BCC6 /* Foundation.framework in Frameworks */,
			);
			runOnlyForDeploymentPostprocessing = 0;
		};
		12B9C4741990C1360095BCC6 /* Frameworks */ = {
			isa = PBXFrameworksBuildPhase;
			buildActionMask = 2147483647;
			files = (
				12B9C4791990C1360095BCC6 /* XCTest.framework in Frameworks */,
				12B9C47B1990C1360095BCC6 /* UIKit.framework in Frameworks */,
				12B9C47A1990C1360095BCC6 /* Foundation.framework in Frameworks */,
			);
			runOnlyForDeploymentPostprocessing = 0;
		};
/* End PBXFrameworksBuildPhase section */

/* Begin PBXGroup section */
		120DC1D0199317BA009F5080 /* ThirdLib */ = {
			isa = PBXGroup;
			children = (
				120DC1D1199317BA009F5080 /* AFNetworking */,
				120DC1E5199317BA009F5080 /* UIKit+AFNetworking */,
			);
			path = ThirdLib;
			sourceTree = "<group>";
		};
		120DC1D1199317BA009F5080 /* AFNetworking */ = {
			isa = PBXGroup;
			children = (
				120DC1D2199317BA009F5080 /* AFHTTPRequestOperation.h */,
				120DC1D3199317BA009F5080 /* AFHTTPRequestOperation.m */,
				120DC1D4199317BA009F5080 /* AFHTTPRequestOperationManager.h */,
				120DC1D5199317BA009F5080 /* AFHTTPRequestOperationManager.m */,
				120DC1D6199317BA009F5080 /* AFHTTPSessionManager.h */,
				120DC1D7199317BA009F5080 /* AFHTTPSessionManager.m */,
				120DC1D8199317BA009F5080 /* AFNetworking.h */,
				120DC1D9199317BA009F5080 /* AFNetworkReachabilityManager.h */,
				120DC1DA199317BA009F5080 /* AFNetworkReachabilityManager.m */,
				120DC1DB199317BA009F5080 /* AFSecurityPolicy.h */,
				120DC1DC199317BA009F5080 /* AFSecurityPolicy.m */,
				120DC1DD199317BA009F5080 /* AFURLConnectionOperation.h */,
				120DC1DE199317BA009F5080 /* AFURLConnectionOperation.m */,
				120DC1DF199317BA009F5080 /* AFURLRequestSerialization.h */,
				120DC1E0199317BA009F5080 /* AFURLRequestSerialization.m */,
				120DC1E1199317BA009F5080 /* AFURLResponseSerialization.h */,
				120DC1E2199317BA009F5080 /* AFURLResponseSerialization.m */,
				120DC1E3199317BA009F5080 /* AFURLSessionManager.h */,
				120DC1E4199317BA009F5080 /* AFURLSessionManager.m */,
			);
			path = AFNetworking;
			sourceTree = "<group>";
		};
		120DC1E5199317BA009F5080 /* UIKit+AFNetworking */ = {
			isa = PBXGroup;
			children = (
				120DC1E6199317BA009F5080 /* AFNetworkActivityIndicatorManager.h */,
				120DC1E7199317BA009F5080 /* AFNetworkActivityIndicatorManager.m */,
				120DC1E8199317BA009F5080 /* UIActivityIndicatorView+AFNetworking.h */,
				120DC1E9199317BA009F5080 /* UIActivityIndicatorView+AFNetworking.m */,
				120DC1EA199317BA009F5080 /* UIAlertView+AFNetworking.h */,
				120DC1EB199317BA009F5080 /* UIAlertView+AFNetworking.m */,
				120DC1EC199317BA009F5080 /* UIButton+AFNetworking.h */,
				120DC1ED199317BA009F5080 /* UIButton+AFNetworking.m */,
				120DC1EE199317BA009F5080 /* UIImageView+AFNetworking.h */,
				120DC1EF199317BA009F5080 /* UIImageView+AFNetworking.m */,
				120DC1F0199317BA009F5080 /* UIKit+AFNetworking.h */,
				120DC1F1199317BA009F5080 /* UIProgressView+AFNetworking.h */,
				120DC1F2199317BA009F5080 /* UIProgressView+AFNetworking.m */,
				120DC1F3199317BA009F5080 /* UIRefreshControl+AFNetworking.h */,
				120DC1F4199317BA009F5080 /* UIRefreshControl+AFNetworking.m */,
				120DC1F5199317BA009F5080 /* UIWebView+AFNetworking.h */,
				120DC1F6199317BA009F5080 /* UIWebView+AFNetworking.m */,
			);
			path = "UIKit+AFNetworking";
			sourceTree = "<group>";
		};
		12B9C44A1990C1350095BCC6 = {
			isa = PBXGroup;
			children = (
				12B9C45C1990C1350095BCC6 /* MapStudy */,
				12B9C47E1990C1360095BCC6 /* MapStudyTests */,
				12B9C4551990C1350095BCC6 /* Frameworks */,
				12B9C4541990C1350095BCC6 /* Products */,
			);
			sourceTree = "<group>";
		};
		12B9C4541990C1350095BCC6 /* Products */ = {
			isa = PBXGroup;
			children = (
				12B9C4531990C1350095BCC6 /* MapStudy.app */,
				12B9C4771990C1360095BCC6 /* MapStudyTests.xctest */,
			);
			name = Products;
			sourceTree = "<group>";
		};
		12B9C4551990C1350095BCC6 /* Frameworks */ = {
			isa = PBXGroup;
			children = (
				12B9C4A01990C2910095BCC6 /* Security.framework */,
				12B9C49E1990C2860095BCC6 /* libstdc++.6.0.9.dylib */,
				12B9C49C1990C2770095BCC6 /* OpenGLES.framework */,
				12B9C49A1990C2700095BCC6 /* libz.dylib */,
				12B9C4981990C26A0095BCC6 /* CoreTelephony.framework */,
				12B9C4961990C2630095BCC6 /* SystemConfiguration.framework */,
				12B9C4941990C2570095BCC6 /* CoreLocation.framework */,
				12B9C4921990C24E0095BCC6 /* QuartzCore.framework */,
				12B9C4901990C2380095BCC6 /* AMapSearchKit.framework */,
				12B9C48E1990C22F0095BCC6 /* MAMapKit.framework */,
				12B9C4561990C1350095BCC6 /* Foundation.framework */,
				12B9C4581990C1350095BCC6 /* CoreGraphics.framework */,
				12B9C45A1990C1350095BCC6 /* UIKit.framework */,
				12B9C4781990C1360095BCC6 /* XCTest.framework */,
			);
			name = Frameworks;
			sourceTree = "<group>";
		};
		12B9C45C1990C1350095BCC6 /* MapStudy */ = {
			isa = PBXGroup;
			children = (
				120DC1D0199317BA009F5080 /* ThirdLib */,
				12B9C4A21990C9140095BCC6 /* AMap.bundle */,
				12B9C4651990C1350095BCC6 /* AppDelegate.h */,
				12B9C4661990C1350095BCC6 /* AppDelegate.m */,
				12B9C4681990C1350095BCC6 /* Main_iPhone.storyboard */,
				12B9C46B1990C1350095BCC6 /* Main_iPad.storyboard */,
				12B9C46E1990C1350095BCC6 /* ViewController.h */,
				12B9C46F1990C1350095BCC6 /* ViewController.m */,
				12B9C4711990C1350095BCC6 /* Images.xcassets */,
				12B9C45D1990C1350095BCC6 /* Supporting Files */,
				12948B33199215C60064261B /* DrawerView.h */,
				12948B34199215C60064261B /* DrawerView.m */,
			);
			path = MapStudy;
			sourceTree = "<group>";
		};
		12B9C45D1990C1350095BCC6 /* Supporting Files */ = {
			isa = PBXGroup;
			children = (
				12B9C45E1990C1350095BCC6 /* MapStudy-Info.plist */,
				12B9C45F1990C1350095BCC6 /* InfoPlist.strings */,
				12B9C4621990C1350095BCC6 /* main.m */,
				12B9C4641990C1350095BCC6 /* MapStudy-Prefix.pch */,
			);
			name = "Supporting Files";
			sourceTree = "<group>";
		};
		12B9C47E1990C1360095BCC6 /* MapStudyTests */ = {
			isa = PBXGroup;
			children = (
				12B9C4841990C1360095BCC6 /* MapStudyTests.m */,
				12B9C47F1990C1360095BCC6 /* Supporting Files */,
			);
			path = MapStudyTests;
			sourceTree = "<group>";
		};
		12B9C47F1990C1360095BCC6 /* Supporting Files */ = {
			isa = PBXGroup;
			children = (
				12B9C4801990C1360095BCC6 /* MapStudyTests-Info.plist */,
				12B9C4811990C1360095BCC6 /* InfoPlist.strings */,
			);
			name = "Supporting Files";
			sourceTree = "<group>";
		};
/* End PBXGroup section */

/* Begin PBXNativeTarget section */
		12B9C4521990C1350095BCC6 /* MapStudy */ = {
			isa = PBXNativeTarget;
			buildConfigurationList = 12B9C4881990C1360095BCC6 /* Build configuration list for PBXNativeTarget "MapStudy" */;
			buildPhases = (
				12B9C44F1990C1350095BCC6 /* Sources */,
				12B9C4501990C1350095BCC6 /* Frameworks */,
				12B9C4511990C1350095BCC6 /* Resources */,
			);
			buildRules = (
			);
			dependencies = (
			);
			name = MapStudy;
			productName = MapStudy;
			productReference = 12B9C4531990C1350095BCC6 /* MapStudy.app */;
			productType = "com.apple.product-type.application";
		};
		12B9C4761990C1360095BCC6 /* MapStudyTests */ = {
			isa = PBXNativeTarget;
			buildConfigurationList = 12B9C48B1990C1360095BCC6 /* Build configuration list for PBXNativeTarget "MapStudyTests" */;
			buildPhases = (
				12B9C4731990C1360095BCC6 /* Sources */,
				12B9C4741990C1360095BCC6 /* Frameworks */,
				12B9C4751990C1360095BCC6 /* Resources */,
			);
			buildRules = (
			);
			dependencies = (
				12B9C47D1990C1360095BCC6 /* PBXTargetDependency */,
			);
			name = MapStudyTests;
			productName = MapStudyTests;
			productReference = 12B9C4771990C1360095BCC6 /* MapStudyTests.xctest */;
			productType = "com.apple.product-type.bundle.unit-test";
		};
/* End PBXNativeTarget section */

/* Begin PBXProject section */
		12B9C44B1990C1350095BCC6 /* Project object */ = {
			isa = PBXProject;
			attributes = {
				LastUpgradeCheck = 0510;
				ORGANIZATIONNAME = dw;
				TargetAttributes = {
					12B9C4761990C1360095BCC6 = {
						TestTargetID = 12B9C4521990C1350095BCC6;
					};
				};
			};
			buildConfigurationList = 12B9C44E1990C1350095BCC6 /* Build configuration list for PBXProject "MapStudy" */;
			compatibilityVersion = "Xcode 3.2";
			developmentRegion = English;
			hasScannedForEncodings = 0;
			knownRegions = (
				en,
				Base,
			);
			mainGroup = 12B9C44A1990C1350095BCC6;
			productRefGroup = 12B9C4541990C1350095BCC6 /* Products */;
			projectDirPath = "";
			projectRoot = "";
			targets = (
				12B9C4521990C1350095BCC6 /* MapStudy */,
				12B9C4761990C1360095BCC6 /* MapStudyTests */,
			);
		};
/* End PBXProject section */

/* Begin PBXResourcesBuildPhase section */
		12B9C4511990C1350095BCC6 /* Resources */ = {
			isa = PBXResourcesBuildPhase;
			buildActionMask = 2147483647;
			files = (
				12B9C4A31990C9140095BCC6 /* AMap.bundle in Resources */,
				12B9C46D1990C1350095BCC6 /* Main_iPad.storyboard in Resources */,
				12B9C4721990C1350095BCC6 /* Images.xcassets in Resources */,
				12B9C46A1990C1350095BCC6 /* Main_iPhone.storyboard in Resources */,
				12B9C4611990C1350095BCC6 /* InfoPlist.strings in Resources */,
			);
			runOnlyForDeploymentPostprocessing = 0;
		};
		12B9C4751990C1360095BCC6 /* Resources */ = {
			isa = PBXResourcesBuildPhase;
			buildActionMask = 2147483647;
			files = (
				12B9C4831990C1360095BCC6 /* InfoPlist.strings in Resources */,
			);
			runOnlyForDeploymentPostprocessing = 0;
		};
/* End PBXResourcesBuildPhase section */

/* Begin PBXSourcesBuildPhase section */
		12B9C44F1990C1350095BCC6 /* Sources */ = {
			isa = PBXSourcesBuildPhase;
			buildActionMask = 2147483647;
			files = (
				120DC1FC199317BA009F5080 /* AFURLConnectionOperation.m in Sources */,
				120DC1F7199317BA009F5080 /* AFHTTPRequestOperation.m in Sources */,
				120DC203199317BA009F5080 /* UIButton+AFNetworking.m in Sources */,
				120DC1FA199317BA009F5080 /* AFNetworkReachabilityManager.m in Sources */,
				120DC205199317BA009F5080 /* UIProgressView+AFNetworking.m in Sources */,
				120DC1FF199317BA009F5080 /* AFURLSessionManager.m in Sources */,
				120DC1FD199317BA009F5080 /* AFURLRequestSerialization.m in Sources */,
				12B9C4701990C1350095BCC6 /* ViewController.m in Sources */,
				120DC206199317BA009F5080 /* UIRefreshControl+AFNetworking.m in Sources */,
				120DC1FE199317BA009F5080 /* AFURLResponseSerialization.m in Sources */,
				12B9C4671990C1350095BCC6 /* AppDelegate.m in Sources */,
				120DC204199317BA009F5080 /* UIImageView+AFNetworking.m in Sources */,
				12B9C4631990C1350095BCC6 /* main.m in Sources */,
				120DC202199317BA009F5080 /* UIAlertView+AFNetworking.m in Sources */,
				120DC1F8199317BA009F5080 /* AFHTTPRequestOperationManager.m in Sources */,
				120DC1FB199317BA009F5080 /* AFSecurityPolicy.m in Sources */,
				120DC207199317BA009F5080 /* UIWebView+AFNetworking.m in Sources */,
				12948B35199215C60064261B /* DrawerView.m in Sources */,
				120DC1F9199317BA009F5080 /* AFHTTPSessionManager.m in Sources */,
				120DC201199317BA009F5080 /* UIActivityIndicatorView+AFNetworking.m in Sources */,
				120DC200199317BA009F5080 /* AFNetworkActivityIndicatorManager.m in Sources */,
			);
			runOnlyForDeploymentPostprocessing = 0;
		};
		12B9C4731990C1360095BCC6 /* Sources */ = {
			isa = PBXSourcesBuildPhase;
			buildActionMask = 2147483647;
			files = (
				12B9C4851990C1360095BCC6 /* MapStudyTests.m in Sources */,
			);
			runOnlyForDeploymentPostprocessing = 0;
		};
/* End PBXSourcesBuildPhase section */

/* Begin PBXTargetDependency section */
		12B9C47D1990C1360095BCC6 /* PBXTargetDependency */ = {
			isa = PBXTargetDependency;
			target = 12B9C4521990C1350095BCC6 /* MapStudy */;
			targetProxy = 12B9C47C1990C1360095BCC6 /* PBXContainerItemProxy */;
		};
/* End PBXTargetDependency section */

/* Begin PBXVariantGroup section */
		12B9C45F1990C1350095BCC6 /* InfoPlist.strings */ = {
			isa = PBXVariantGroup;
			children = (
				12B9C4601990C1350095BCC6 /* en */,
			);
			name = InfoPlist.strings;
			sourceTree = "<group>";
		};
		12B9C4681990C1350095BCC6 /* Main_iPhone.storyboard */ = {
			isa = PBXVariantGroup;
			children = (
				12B9C4691990C1350095BCC6 /* Base */,
			);
			name = Main_iPhone.storyboard;
			sourceTree = "<group>";
		};
		12B9C46B1990C1350095BCC6 /* Main_iPad.storyboard */ = {
			isa = PBXVariantGroup;
			children = (
				12B9C46C1990C1350095BCC6 /* Base */,
			);
			name = Main_iPad.storyboard;
			sourceTree = "<group>";
		};
		12B9C4811990C1360095BCC6 /* InfoPlist.strings */ = {
			isa = PBXVariantGroup;
			children = (
				12B9C4821990C1360095BCC6 /* en */,
			);
			name = InfoPlist.strings;
			sourceTree = "<group>";
		};
/* End PBXVariantGroup section */

/* Begin XCBuildConfiguration section */
		12B9C4861990C1360095BCC6 /* Debug */ = {
			isa = XCBuildConfiguration;
			buildSettings = {
				ALWAYS_SEARCH_USER_PATHS = NO;
				CLANG_CXX_LANGUAGE_STANDARD = "gnu++0x";
				CLANG_CXX_LIBRARY = "libc++";
				CLANG_ENABLE_MODULES = YES;
				CLANG_ENABLE_OBJC_ARC = YES;
				CLANG_WARN_BOOL_CONVERSION = YES;
				CLANG_WARN_CONSTANT_CONVERSION = YES;
				CLANG_WARN_DIRECT_OBJC_ISA_USAGE = YES_ERROR;
				CLANG_WARN_EMPTY_BODY = YES;
				CLANG_WARN_ENUM_CONVERSION = YES;
				CLANG_WARN_INT_CONVERSION = YES;
				CLANG_WARN_OBJC_ROOT_CLASS = YES_ERROR;
				CLANG_WARN__DUPLICATE_METHOD_MATCH = YES;
				"CODE_SIGN_IDENTITY[sdk=iphoneos*]" = "iPhone Developer";
				COPY_PHASE_STRIP = NO;
				GCC_C_LANGUAGE_STANDARD = gnu99;
				GCC_DYNAMIC_NO_PIC = NO;
				GCC_OPTIMIZATION_LEVEL = 0;
				GCC_PREPROCESSOR_DEFINITIONS = (
					"DEBUG=1",
					"$(inherited)",
				);
				GCC_SYMBOLS_PRIVATE_EXTERN = NO;
				GCC_WARN_64_TO_32_BIT_CONVERSION = YES;
				GCC_WARN_ABOUT_RETURN_TYPE = YES_ERROR;
				GCC_WARN_UNDECLARED_SELECTOR = YES;
				GCC_WARN_UNINITIALIZED_AUTOS = YES_AGGRESSIVE;
				GCC_WARN_UNUSED_FUNCTION = YES;
				GCC_WARN_UNUSED_VARIABLE = YES;
				IPHONEOS_DEPLOYMENT_TARGET = 7.1;
				ONLY_ACTIVE_ARCH = YES;
				SDKROOT = iphoneos;
				TARGETED_DEVICE_FAMILY = "1,2";
			};
			name = Debug;
		};
		12B9C4871990C1360095BCC6 /* Release */ = {
			isa = XCBuildConfiguration;
			buildSettings = {
				ALWAYS_SEARCH_USER_PATHS = NO;
				CLANG_CXX_LANGUAGE_STANDARD = "gnu++0x";
				CLANG_CXX_LIBRARY = "libc++";
				CLANG_ENABLE_MODULES = YES;
				CLANG_ENABLE_OBJC_ARC = YES;
				CLANG_WARN_BOOL_CONVERSION = YES;
				CLANG_WARN_CONSTANT_CONVERSION = YES;
				CLANG_WARN_DIRECT_OBJC_ISA_USAGE = YES_ERROR;
				CLANG_WARN_EMPTY_BODY = YES;
				CLANG_WARN_ENUM_CONVERSION = YES;
				CLANG_WARN_INT_CONVERSION = YES;
				CLANG_WARN_OBJC_ROOT_CLASS = YES_ERROR;
				CLANG_WARN__DUPLICATE_METHOD_MATCH = YES;
				"CODE_SIGN_IDENTITY[sdk=iphoneos*]" = "iPhone Developer";
				COPY_PHASE_STRIP = YES;
				ENABLE_NS_ASSERTIONS = NO;
				GCC_C_LANGUAGE_STANDARD = gnu99;
				GCC_WARN_64_TO_32_BIT_CONVERSION = YES;
				GCC_WARN_ABOUT_RETURN_TYPE = YES_ERROR;
				GCC_WARN_UNDECLARED_SELECTOR = YES;
				GCC_WARN_UNINITIALIZED_AUTOS = YES_AGGRESSIVE;
				GCC_WARN_UNUSED_FUNCTION = YES;
				GCC_WARN_UNUSED_VARIABLE = YES;
				IPHONEOS_DEPLOYMENT_TARGET = 7.1;
				SDKROOT = iphoneos;
				TARGETED_DEVICE_FAMILY = "1,2";
				VALIDATE_PRODUCT = YES;
			};
			name = Release;
		};
		12B9C4891990C1360095BCC6 /* Debug */ = {
			isa = XCBuildConfiguration;
			buildSettings = {
				ASSETCATALOG_COMPILER_APPICON_NAME = AppIcon;
				ASSETCATALOG_COMPILER_LAUNCHIMAGE_NAME = LaunchImage;
				FRAMEWORK_SEARCH_PATHS = (
					"$(inherited)",
					/Users/yunzhongyang/Desktop/AMap_iOS_API_Lib_V2.2.1/2D,
					/Users/yunzhongyang/Desktop/AMap_iOS_API_Lib_V2.2.1/Search,
				);
				GCC_PRECOMPILE_PREFIX_HEADER = YES;
				GCC_PREFIX_HEADER = "MapStudy/MapStudy-Prefix.pch";
				INFOPLIST_FILE = "MapStudy/MapStudy-Info.plist";
				OTHER_LDFLAGS = "-ObjC";
				PRODUCT_NAME = "$(TARGET_NAME)";
				TARGETED_DEVICE_FAMILY = 1;
				WRAPPER_EXTENSION = app;
			};
			name = Debug;
		};
		12B9C48A1990C1360095BCC6 /* Release */ = {
			isa = XCBuildConfiguration;
			buildSettings = {
				ASSETCATALOG_COMPILER_APPICON_NAME = AppIcon;
				ASSETCATALOG_COMPILER_LAUNCHIMAGE_NAME = LaunchImage;
				FRAMEWORK_SEARCH_PATHS = (
					"$(inherited)",
					/Users/yunzhongyang/Desktop/AMap_iOS_API_Lib_V2.2.1/2D,
					/Users/yunzhongyang/Desktop/AMap_iOS_API_Lib_V2.2.1/Search,
				);
				GCC_PRECOMPILE_PREFIX_HEADER = YES;
				GCC_PREFIX_HEADER = "MapStudy/MapStudy-Prefix.pch";
				INFOPLIST_FILE = "MapStudy/MapStudy-Info.plist";
				OTHER_LDFLAGS = "-ObjC";
				PRODUCT_NAME = "$(TARGET_NAME)";
				TARGETED_DEVICE_FAMILY = 1;
				WRAPPER_EXTENSION = app;
			};
			name = Release;
		};
		12B9C48C1990C1360095BCC6 /* Debug */ = {
			isa = XCBuildConfiguration;
			buildSettings = {
				BUNDLE_LOADER = "$(BUILT_PRODUCTS_DIR)/MapStudy.app/MapStudy";
				FRAMEWORK_SEARCH_PATHS = (
					"$(SDKROOT)/Developer/Library/Frameworks",
					"$(inherited)",
					"$(DEVELOPER_FRAMEWORKS_DIR)",
				);
				GCC_PRECOMPILE_PREFIX_HEADER = YES;
				GCC_PREFIX_HEADER = "MapStudy/MapStudy-Prefix.pch";
				GCC_PREPROCESSOR_DEFINITIONS = (
					"DEBUG=1",
					"$(inherited)",
				);
				INFOPLIST_FILE = "MapStudyTests/MapStudyTests-Info.plist";
				PRODUCT_NAME = "$(TARGET_NAME)";
				TEST_HOST = "$(BUNDLE_LOADER)";
				WRAPPER_EXTENSION = xctest;
			};
			name = Debug;
		};
		12B9C48D1990C1360095BCC6 /* Release */ = {
			isa = XCBuildConfiguration;
			buildSettings = {
				BUNDLE_LOADER = "$(BUILT_PRODUCTS_DIR)/MapStudy.app/MapStudy";
				FRAMEWORK_SEARCH_PATHS = (
					"$(SDKROOT)/Developer/Library/Frameworks",
					"$(inherited)",
					"$(DEVELOPER_FRAMEWORKS_DIR)",
				);
				GCC_PRECOMPILE_PREFIX_HEADER = YES;
				GCC_PREFIX_HEADER = "MapStudy/MapStudy-Prefix.pch";
				INFOPLIST_FILE = "MapStudyTests/MapStudyTests-Info.plist";
				PRODUCT_NAME = "$(TARGET_NAME)";
				TEST_HOST = "$(BUNDLE_LOADER)";
				WRAPPER_EXTENSION = xctest;
			};
			name = Release;
		};
/* End XCBuildConfiguration section */

/* Begin XCConfigurationList section */
		12B9C44E1990C1350095BCC6 /* Build configuration list for PBXProject "MapStudy" */ = {
			isa = XCConfigurationList;
			buildConfigurations = (
				12B9C4861990C1360095BCC6 /* Debug */,
				12B9C4871990C1360095BCC6 /* Release */,
			);
			defaultConfigurationIsVisible = 0;
			defaultConfigurationName = Release;
		};
		12B9C4881990C1360095BCC6 /* Build configuration list for PBXNativeTarget "MapStudy" */ = {
			isa = XCConfigurationList;
			buildConfigurations = (
				12B9C4891990C1360095BCC6 /* Debug */,
				12B9C48A1990C1360095BCC6 /* Release */,
			);
			defaultConfigurationIsVisible = 0;
			defaultConfigurationName = Release;
		};
		12B9C48B1990C1360095BCC6 /* Build configuration list for PBXNativeTarget "MapStudyTests" */ = {
			isa = XCConfigurationList;
			buildConfigurations = (
				12B9C48C1990C1360095BCC6 /* Debug */,
				12B9C48D1990C1360095BCC6 /* Release */,
			);
			defaultConfigurationIsVisible = 0;
			defaultConfigurationName = Release;
		};
/* End XCConfigurationList section */
	};
	rootObject = 12B9C44B1990C1350095BCC6 /* Project object */;
}
